lockfileVersion: '9.0'

settings:
  autoInstallPeers: true
  excludeLinksFromLockfile: false

importers:

  .:
    devDependencies:
      husky:
        specifier: ^9.1.7
        version: 9.1.7
      prettier:
        specifier: ^3.4.2
        version: 3.4.2
      prettier-plugin-tailwindcss:
        specifier: ^0.5.14
        version: 0.5.14(prettier@3.4.2)
      turbo:
        specifier: ^2.3.3
        version: 2.3.3

packages:

  husky@9.1.7:
    resolution: {integrity: sha512-5gs5ytaNjBrh5Ow3zrvdUUY+0VxIuWVL4i9irt6friV+BqdCfmV11CQTWMiBYWHbXhco+J1kHfTOUkePhCDvMA==}
    engines: {node: '>=18'}
    hasBin: true

  prettier-plugin-tailwindcss@0.5.14:
    resolution: {integrity: sha512-Puaz+wPUAhFp8Lo9HuciYKM2Y2XExESjeT+9NQoVFXZsPPnc9VYss2SpxdQ6vbatmt8/4+SN0oe0I1cPDABg9Q==}
    engines: {node: '>=14.21.3'}
    peerDependencies:
      '@ianvs/prettier-plugin-sort-imports': '*'
      '@prettier/plugin-pug': '*'
      '@shopify/prettier-plugin-liquid': '*'
      '@trivago/prettier-plugin-sort-imports': '*'
      '@zackad/prettier-plugin-twig-melody': '*'
      prettier: ^3.0
      prettier-plugin-astro: '*'
      prettier-plugin-css-order: '*'
      prettier-plugin-import-sort: '*'
      prettier-plugin-jsdoc: '*'
      prettier-plugin-marko: '*'
      prettier-plugin-organize-attributes: '*'
      prettier-plugin-organize-imports: '*'
      prettier-plugin-sort-imports: '*'
      prettier-plugin-style-order: '*'
      prettier-plugin-svelte: '*'
    peerDependenciesMeta:
      '@ianvs/prettier-plugin-sort-imports':
        optional: true
      '@prettier/plugin-pug':
        optional: true
      '@shopify/prettier-plugin-liquid':
        optional: true
      '@trivago/prettier-plugin-sort-imports':
        optional: true
      '@zackad/prettier-plugin-twig-melody':
        optional: true
      prettier-plugin-astro:
        optional: true
      prettier-plugin-css-order:
        optional: true
      prettier-plugin-import-sort:
        optional: true
      prettier-plugin-jsdoc:
        optional: true
      prettier-plugin-marko:
        optional: true
      prettier-plugin-organize-attributes:
        optional: true
      prettier-plugin-organize-imports:
        optional: true
      prettier-plugin-sort-imports:
        optional: true
      prettier-plugin-style-order:
        optional: true
      prettier-plugin-svelte:
        optional: true

  prettier@3.4.2:
    resolution: {integrity: sha512-e9MewbtFo+Fevyuxn/4rrcDAaq0IYxPGLvObpQjiZBMAzB9IGmzlnG9RZy3FFas+eBMu2vA0CszMeduow5dIuQ==}
    engines: {node: '>=14'}
    hasBin: true

  turbo-darwin-64@2.3.3:
    resolution: {integrity: sha512-bxX82xe6du/3rPmm4aCC5RdEilIN99VUld4HkFQuw+mvFg6darNBuQxyWSHZTtc25XgYjQrjsV05888w1grpaA==}
    cpu: [x64]
    os: [darwin]

  turbo-darwin-arm64@2.3.3:
    resolution: {integrity: sha512-DYbQwa3NsAuWkCUYVzfOUBbSUBVQzH5HWUFy2Kgi3fGjIWVZOFk86ss+xsWu//rlEAfYwEmopigsPYSmW4X15A==}
    cpu: [arm64]
    os: [darwin]

  turbo-linux-64@2.3.3:
    resolution: {integrity: sha512-eHj9OIB0dFaP6BxB88jSuaCLsOQSYWBgmhy2ErCu6D2GG6xW3b6e2UWHl/1Ho9FsTg4uVgo4DB9wGsKa5erjUA==}
    cpu: [x64]
    os: [linux]

  turbo-linux-arm64@2.3.3:
    resolution: {integrity: sha512-NmDE/NjZoDj1UWBhMtOPmqFLEBKhzGS61KObfrDEbXvU3lekwHeoPvAMfcovzswzch+kN2DrtbNIlz+/rp8OCg==}
    cpu: [arm64]
    os: [linux]

  turbo-windows-64@2.3.3:
    resolution: {integrity: sha512-O2+BS4QqjK3dOERscXqv7N2GXNcqHr9hXumkMxDj/oGx9oCatIwnnwx34UmzodloSnJpgSqjl8iRWiY65SmYoQ==}
    cpu: [x64]
    os: [win32]

  turbo-windows-arm64@2.3.3:
    resolution: {integrity: sha512-dW4ZK1r6XLPNYLIKjC4o87HxYidtRRcBeo/hZ9Wng2XM/MqqYkAyzJXJGgRMsc0MMEN9z4+ZIfnSNBrA0b08ag==}
    cpu: [arm64]
    os: [win32]

  turbo@2.3.3:
    resolution: {integrity: sha512-DUHWQAcC8BTiUZDRzAYGvpSpGLiaOQPfYXlCieQbwUvmml/LRGIe3raKdrOPOoiX0DYlzxs2nH6BoWJoZrj8hA==}
    hasBin: true

snapshots:

  husky@9.1.7: {}

  prettier-plugin-tailwindcss@0.5.14(prettier@3.4.2):
    dependencies:
      prettier: 3.4.2

  prettier@3.4.2: {}

  turbo-darwin-64@2.3.3:
    optional: true

  turbo-darwin-arm64@2.3.3:
    optional: true

  turbo-linux-64@2.3.3:
    optional: true

  turbo-linux-arm64@2.3.3:
    optional: true

  turbo-windows-64@2.3.3:
    optional: true

  turbo-windows-arm64@2.3.3:
    optional: true

  turbo@2.3.3:
    optionalDependencies:
      turbo-darwin-64: 2.3.3
      turbo-darwin-arm64: 2.3.3
      turbo-linux-64: 2.3.3
      turbo-linux-arm64: 2.3.3
      turbo-windows-64: 2.3.3
      turbo-windows-arm64: 2.3.3
